<?xml version="1.0" encoding="utf-8"?>
<Project ToolsVersion="15.0" xmlns="http://schemas.microsoft.com/developer/msbuild/2003">
  <ItemGroup>
    <ClCompile Include="D:\SourceCode\rayTracing\src\OpenglDemo\glad.c">
      <Filter>Source Files</Filter>
    </ClCompile>
    <ClCompile Include="D:\SourceCode\rayTracing\src\OpenglDemo\main.cpp">
      <Filter>Source Files</Filter>
    </ClCompile>
    <ClCompile Include="D:\SourceCode\rayTracing\src\OpenglDemo\stb_image.cpp">
      <Filter>Source Files</Filter>
    </ClCompile>
    <ClCompile Include="D:\SourceCode\rayTracing\src\OpenglDemo\utility.cpp">
      <Filter>Source Files</Filter>
    </ClCompile>
  </ItemGroup>
  <ItemGroup>
    <ClInclude Include="D:\SourceCode\rayTracing\src\OpenglDemo\common.h">
      <Filter>Header Files</Filter>
    </ClInclude>
    <ClInclude Include="D:\SourceCode\rayTracing\src\OpenglDemo\shader.h">
      <Filter>Header Files</Filter>
    </ClInclude>
    <ClInclude Include="D:\SourceCode\rayTracing\src\OpenglDemo\utility.h">
      <Filter>Header Files</Filter>
    </ClInclude>
  </ItemGroup>
  <ItemGroup>
    <CustomBuild Include="D:\SourceCode\rayTracing\src\OpenglDemo\CMakeLists.txt" />
  </ItemGroup>
  <ItemGroup>
    <None Include="D:\SourceCode\rayTracing\src\OpenglDemo\ShaderFiles\fShader.fs">
      <Filter>Shader Files</Filter>
    </None>
    <None Include="D:\SourceCode\rayTracing\src\OpenglDemo\ShaderFiles\vShader.vs">
      <Filter>Shader Files</Filter>
    </None>
  </ItemGroup>
  <ItemGroup>
    <Filter Include="Header Files">
      <UniqueIdentifier>{8C146504-6B85-320A-B548-FF8580F7710D}</UniqueIdentifier>
    </Filter>
    <Filter Include="Shader Files">
      <UniqueIdentifier>{C5CE53C1-BB2C-384B-8C3B-082ED3CC63FE}</UniqueIdentifier>
    </Filter>
    <Filter Include="Source Files">
      <UniqueIdentifier>{6F01188C-2E1F-3CBA-8891-CCA74F243835}</UniqueIdentifier>
    </Filter>
  </ItemGroup>
</Project>
