<?xml version="1.0" encoding="utf-8"?>
<Project ToolsVersion="15.0" xmlns="http://schemas.microsoft.com/developer/msbuild/2003">
  <ItemGroup>
    <ClCompile Include="D:\SourceCode\rayTracing\src\rayTracing\aabb.cpp">
      <Filter>Source Files</Filter>
    </ClCompile>
    <ClCompile Include="D:\SourceCode\rayTracing\src\rayTracing\bvh.cpp">
      <Filter>Source Files</Filter>
    </ClCompile>
    <ClCompile Include="D:\SourceCode\rayTracing\src\rayTracing\camera.cpp">
      <Filter>Source Files</Filter>
    </ClCompile>
    <ClCompile Include="D:\SourceCode\rayTracing\src\rayTracing\drand48.cpp">
      <Filter>Source Files</Filter>
    </ClCompile>
    <ClCompile Include="D:\SourceCode\rayTracing\src\rayTracing\hitable.cpp">
      <Filter>Source Files</Filter>
    </ClCompile>
    <ClCompile Include="D:\SourceCode\rayTracing\src\rayTracing\hitableList.cpp">
      <Filter>Source Files</Filter>
    </ClCompile>
    <ClCompile Include="D:\SourceCode\rayTracing\src\rayTracing\imageTexture.cpp">
      <Filter>Source Files</Filter>
    </ClCompile>
    <ClCompile Include="D:\SourceCode\rayTracing\src\rayTracing\main.cpp">
      <Filter>Source Files</Filter>
    </ClCompile>
    <ClCompile Include="D:\SourceCode\rayTracing\src\rayTracing\material.cpp">
      <Filter>Source Files</Filter>
    </ClCompile>
    <ClCompile Include="D:\SourceCode\rayTracing\src\rayTracing\pch.cpp">
      <Filter>Source Files</Filter>
    </ClCompile>
    <ClCompile Include="D:\SourceCode\rayTracing\src\rayTracing\perlin.cpp">
      <Filter>Source Files</Filter>
    </ClCompile>
    <ClCompile Include="D:\SourceCode\rayTracing\src\rayTracing\ray.cpp">
      <Filter>Source Files</Filter>
    </ClCompile>
    <ClCompile Include="D:\SourceCode\rayTracing\src\rayTracing\rectangle.cpp">
      <Filter>Source Files</Filter>
    </ClCompile>
    <ClCompile Include="D:\SourceCode\rayTracing\src\rayTracing\sphere.cpp">
      <Filter>Source Files</Filter>
    </ClCompile>
    <ClCompile Include="D:\SourceCode\rayTracing\src\rayTracing\texture.cpp">
      <Filter>Source Files</Filter>
    </ClCompile>
  </ItemGroup>
  <ItemGroup>
    <ClInclude Include="D:\SourceCode\rayTracing\src\rayTracing\Vec3.h">
      <Filter>Header Files</Filter>
    </ClInclude>
    <ClInclude Include="D:\SourceCode\rayTracing\src\rayTracing\aabb.h">
      <Filter>Header Files</Filter>
    </ClInclude>
    <ClInclude Include="D:\SourceCode\rayTracing\src\rayTracing\bvh.h">
      <Filter>Header Files</Filter>
    </ClInclude>
    <ClInclude Include="D:\SourceCode\rayTracing\src\rayTracing\camera.h">
      <Filter>Header Files</Filter>
    </ClInclude>
    <ClInclude Include="D:\SourceCode\rayTracing\src\rayTracing\drand48.h">
      <Filter>Header Files</Filter>
    </ClInclude>
    <ClInclude Include="D:\SourceCode\rayTracing\src\rayTracing\hitable.h">
      <Filter>Header Files</Filter>
    </ClInclude>
    <ClInclude Include="D:\SourceCode\rayTracing\src\rayTracing\hitableList.h">
      <Filter>Header Files</Filter>
    </ClInclude>
    <ClInclude Include="D:\SourceCode\rayTracing\src\rayTracing\imageTexture.h">
      <Filter>Header Files</Filter>
    </ClInclude>
    <ClInclude Include="D:\SourceCode\rayTracing\src\rayTracing\material.h">
      <Filter>Header Files</Filter>
    </ClInclude>
    <ClInclude Include="D:\SourceCode\rayTracing\src\rayTracing\pch.h">
      <Filter>Header Files</Filter>
    </ClInclude>
    <ClInclude Include="D:\SourceCode\rayTracing\src\rayTracing\perlin.h">
      <Filter>Header Files</Filter>
    </ClInclude>
    <ClInclude Include="D:\SourceCode\rayTracing\src\rayTracing\ray.h">
      <Filter>Header Files</Filter>
    </ClInclude>
    <ClInclude Include="D:\SourceCode\rayTracing\src\rayTracing\rectangle.h">
      <Filter>Header Files</Filter>
    </ClInclude>
    <ClInclude Include="D:\SourceCode\rayTracing\src\rayTracing\sphere.h">
      <Filter>Header Files</Filter>
    </ClInclude>
    <ClInclude Include="D:\SourceCode\rayTracing\src\rayTracing\stb_image.h">
      <Filter>Header Files</Filter>
    </ClInclude>
    <ClInclude Include="D:\SourceCode\rayTracing\src\rayTracing\stb_image_write.h">
      <Filter>Header Files</Filter>
    </ClInclude>
    <ClInclude Include="D:\SourceCode\rayTracing\src\rayTracing\texture.h">
      <Filter>Header Files</Filter>
    </ClInclude>
  </ItemGroup>
  <ItemGroup>
    <CustomBuild Include="D:\SourceCode\rayTracing\src\rayTracing\CMakeLists.txt" />
  </ItemGroup>
  <ItemGroup>
    <Filter Include="Header Files">
      <UniqueIdentifier>{8C146504-6B85-320A-B548-FF8580F7710D}</UniqueIdentifier>
    </Filter>
    <Filter Include="Source Files">
      <UniqueIdentifier>{6F01188C-2E1F-3CBA-8891-CCA74F243835}</UniqueIdentifier>
    </Filter>
  </ItemGroup>
</Project>
